{
  "name": "node_hw_01",
  "version": "1.0.0",
  "lockfileVersion": 1,
  "requires": true,
  "dependencies": {
    "nanoid": {
      "version": "3.3.0",
      "resolved": "https://registry.npmjs.org/nanoid/-/nanoid-3.3.0.tgz",
      "integrity": "sha512-JzxqqT5u/x+/KOFSd7JP15DOo9nOoHpx6DYatqIHUW2+flybkm+mdcraotSQR5WcnZr+qhGVh8Ted0KdfSMxlg=="
    }
  }
}
